
Microsoft Visual Studio Solution File, Format Version 12.00
# Visual Studio 15
Project("{FAE04EC0-301F-11D3-BF4B-00C04F79EFBC}") = "UnityEngine.UI", "UnityEngine.UI.csproj", "{AE041CDE-1FD8-3E4D-A030-7095D3DBC49E}"
EndProject
Project("{FAE04EC0-301F-11D3-BF4B-00C04F79EFBC}") = "Assembly-CSharp", "Assembly-CSharp.csproj", "{8454A3E8-CD6F-E229-B101-0AFF15D18447}"
EndProject
Project("{FAE04EC0-301F-11D3-BF4B-00C04F79EFBC}") = "UnityEditor.UI", "UnityEditor.UI.csproj", "{515B293D-B656-0852-D5E6-F978BD5FDB1F}"
EndProject
Project("{FAE04EC0-301F-11D3-BF4B-00C04F79EFBC}") = "Assembly-CSharp-Editor", "Assembly-CSharp-Editor.csproj", "{FC6EB947-28DE-8385-8FAC-5C1621986B03}"
EndProject
Global
	GlobalSection(SolutionConfigurationPlatforms) = preSolution
		Debug|Any CPU = Debug|Any CPU
		Release|Any CPU = Release|Any CPU
	EndGlobalSection
	GlobalSection(ProjectConfigurationPlatforms) = postSolution
		{AE041CDE-1FD8-3E4D-A030-7095D3DBC49E}.Debug|Any CPU.ActiveCfg = Debug|Any CPU
		{AE041CDE-1FD8-3E4D-A030-7095D3DBC49E}.Debug|Any CPU.Build.0 = Debug|Any CPU
		{AE041CDE-1FD8-3E4D-A030-7095D3DBC49E}.Release|Any CPU.ActiveCfg = Release|Any CPU
		{AE041CDE-1FD8-3E4D-A030-7095D3DBC49E}.Release|Any CPU.Build.0 = Release|Any CPU
		{8454A3E8-CD6F-E229-B101-0AFF15D18447}.Debug|Any CPU.ActiveCfg = Debug|Any CPU
		{8454A3E8-CD6F-E229-B101-0AFF15D18447}.Debug|Any CPU.Build.0 = Debug|Any CPU
		{8454A3E8-CD6F-E229-B101-0AFF15D18447}.Release|Any CPU.ActiveCfg = Release|Any CPU
		{8454A3E8-CD6F-E229-B101-0AFF15D18447}.Release|Any CPU.Build.0 = Release|Any CPU
		{515B293D-B656-0852-D5E6-F978BD5FDB1F}.Debug|Any CPU.ActiveCfg = Debug|Any CPU
		{515B293D-B656-0852-D5E6-F978BD5FDB1F}.Debug|Any CPU.Build.0 = Debug|Any CPU
		{515B293D-B656-0852-D5E6-F978BD5FDB1F}.Release|Any CPU.ActiveCfg = Release|Any CPU
		{515B293D-B656-0852-D5E6-F978BD5FDB1F}.Release|Any CPU.Build.0 = Release|Any CPU
		{FC6EB947-28DE-8385-8FAC-5C1621986B03}.Debug|Any CPU.ActiveCfg = Debug|Any CPU
		{FC6EB947-28DE-8385-8FAC-5C1621986B03}.Debug|Any CPU.Build.0 = Debug|Any CPU
		{FC6EB947-28DE-8385-8FAC-5C1621986B03}.Release|Any CPU.ActiveCfg = Release|Any CPU
		{FC6EB947-28DE-8385-8FAC-5C1621986B03}.Release|Any CPU.Build.0 = Release|Any CPU
	EndGlobalSection
	GlobalSection(SolutionProperties) = preSolution
		HideSolutionNode = FALSE
	EndGlobalSection
EndGlobal
