
Microsoft Visual Studio Solution File, Format Version 11.00
# Visual Studio 2010
Project("{FAE04EC0-301F-11D3-BF4B-00C04F79EFBC}") = "Assembly-CSharp", "Assembly-CSharp.csproj", "{e8a35484-6fcd-29e2-b101-0aff15d18447}"
EndProject
Project("{FAE04EC0-301F-11D3-BF4B-00C04F79EFBC}") = "Assembly-CSharp-Editor", "Assembly-CSharp-Editor.csproj", "{47b96efc-de28-8583-8fac-5c1621986b03}"
EndProject
Global
	GlobalSection(SolutionConfigurationPlatforms) = preSolution
		Debug|Any CPU = Debug|Any CPU
	EndGlobalSection
	GlobalSection(ProjectConfigurationPlatforms) = postSolution
		{e8a35484-6fcd-29e2-b101-0aff15d18447}.Debug|Any CPU.ActiveCfg = Debug|Any CPU
		{e8a35484-6fcd-29e2-b101-0aff15d18447}.Debug|Any CPU.Build.0 = Debug|Any CPU
		{47b96efc-de28-8583-8fac-5c1621986b03}.Debug|Any CPU.ActiveCfg = Debug|Any CPU
		{47b96efc-de28-8583-8fac-5c1621986b03}.Debug|Any CPU.Build.0 = Debug|Any CPU
	EndGlobalSection
	GlobalSection(SolutionProperties) = preSolution
		HideSolutionNode = FALSE
	EndGlobalSection
EndGlobal
